
Microsoft Visual Studio Solution File, Format Version 12.00
# Visual Studio Version 17
VisualStudioVersion = 17.4.33213.308
MinimumVisualStudioVersion = 10.0.40219.1
Project("{9A19103F-16F7-4668-BE54-9A1E7A4F7556}") = "Elite Explorer Dashboard V2", "Elite Explorer Dashboard V2\Elite Explorer Dashboard V2.csproj", "{F2566042-C33F-406A-B70B-2B85BFD43421}"
EndProject
Global
	GlobalSection(SolutionConfigurationPlatforms) = preSolution
		Debug|Any CPU = Debug|Any CPU
		Debug|x64 = Debug|x64
		Release|Any CPU = Release|Any CPU
		Release|x64 = Release|x64
	EndGlobalSection
	GlobalSection(ProjectConfigurationPlatforms) = postSolution
		{F2566042-C33F-406A-B70B-2B85BFD43421}.Debug|Any CPU.ActiveCfg = Debug|Any CPU
		{F2566042-C33F-406A-B70B-2B85BFD43421}.Debug|Any CPU.Build.0 = Debug|Any CPU
		{F2566042-C33F-406A-B70B-2B85BFD43421}.Debug|x64.ActiveCfg = Debug|x64
		{F2566042-C33F-406A-B70B-2B85BFD43421}.Debug|x64.Build.0 = Debug|x64
		{F2566042-C33F-406A-B70B-2B85BFD43421}.Release|Any CPU.ActiveCfg = Release|Any CPU
		{F2566042-C33F-406A-B70B-2B85BFD43421}.Release|Any CPU.Build.0 = Release|Any CPU
		{F2566042-C33F-406A-B70B-2B85BFD43421}.Release|x64.ActiveCfg = Release|x64
		{F2566042-C33F-406A-B70B-2B85BFD43421}.Release|x64.Build.0 = Release|x64
	EndGlobalSection
	GlobalSection(SolutionProperties) = preSolution
		HideSolutionNode = FALSE
	EndGlobalSection
	GlobalSection(ExtensibilityGlobals) = postSolution
		SolutionGuid = {4DFD0FB6-2569-464C-89D3-A5E3FFBCCF86}
	EndGlobalSection
EndGlobal
